
Microsoft Visual Studio Solution File, Format Version 12.00
# Visual Studio Version 16
VisualStudioVersion = 16.0.30523.141
MinimumVisualStudioVersion = 10.0.40219.1
Project("{FAE04EC0-301F-11D3-BF4B-00C04F79EFBC}") = "BundlesLibrary", "BundlesLibrary\BundlesLibrary.csproj", "{ACC3BA60-FF4B-4D61-9234-C20FEF9F1D2E}"
EndProject
Project("{FAE04EC0-301F-11D3-BF4B-00C04F79EFBC}") = "BundleUnitTests", "BundleUnitTests\BundleUnitTests.csproj", "{FA2395E8-9C18-404F-B3A6-AC24B4AA1C06}"
	ProjectSection(ProjectDependencies) = postProject
		{ACC3BA60-FF4B-4D61-9234-C20FEF9F1D2E} = {ACC3BA60-FF4B-4D61-9234-C20FEF9F1D2E}
	EndProjectSection
EndProject
Global
	GlobalSection(SolutionConfigurationPlatforms) = preSolution
		Debug|Any CPU = Debug|Any CPU
		Release|Any CPU = Release|Any CPU
	EndGlobalSection
	GlobalSection(ProjectConfigurationPlatforms) = postSolution
		{ACC3BA60-FF4B-4D61-9234-C20FEF9F1D2E}.Debug|Any CPU.ActiveCfg = Debug|Any CPU
		{ACC3BA60-FF4B-4D61-9234-C20FEF9F1D2E}.Debug|Any CPU.Build.0 = Debug|Any CPU
		{ACC3BA60-FF4B-4D61-9234-C20FEF9F1D2E}.Release|Any CPU.ActiveCfg = Release|Any CPU
		{ACC3BA60-FF4B-4D61-9234-C20FEF9F1D2E}.Release|Any CPU.Build.0 = Release|Any CPU
		{FA2395E8-9C18-404F-B3A6-AC24B4AA1C06}.Debug|Any CPU.ActiveCfg = Debug|Any CPU
		{FA2395E8-9C18-404F-B3A6-AC24B4AA1C06}.Debug|Any CPU.Build.0 = Debug|Any CPU
		{FA2395E8-9C18-404F-B3A6-AC24B4AA1C06}.Release|Any CPU.ActiveCfg = Release|Any CPU
		{FA2395E8-9C18-404F-B3A6-AC24B4AA1C06}.Release|Any CPU.Build.0 = Release|Any CPU
	EndGlobalSection
	GlobalSection(SolutionProperties) = preSolution
		HideSolutionNode = FALSE
	EndGlobalSection
	GlobalSection(ExtensibilityGlobals) = postSolution
		SolutionGuid = {DD0F48F1-B364-4BCA-B51B-91CA41A52F9D}
	EndGlobalSection
EndGlobal
