
Microsoft Visual Studio Solution File, Format Version 12.00
# Visual Studio Version 16
VisualStudioVersion = 16.0.30523.141
MinimumVisualStudioVersion = 10.0.40219.1
Project("{FAE04EC0-301F-11D3-BF4B-00C04F79EFBC}") = "homework8.3", "homework8.3\homework8.3.csproj", "{3E95993F-14AD-41BD-B511-44C39508F055}"
EndProject
Global
	GlobalSection(SolutionConfigurationPlatforms) = preSolution
		Debug|Any CPU = Debug|Any CPU
		Release|Any CPU = Release|Any CPU
	EndGlobalSection
	GlobalSection(ProjectConfigurationPlatforms) = postSolution
		{3E95993F-14AD-41BD-B511-44C39508F055}.Debug|Any CPU.ActiveCfg = Debug|Any CPU
		{3E95993F-14AD-41BD-B511-44C39508F055}.Debug|Any CPU.Build.0 = Debug|Any CPU
		{3E95993F-14AD-41BD-B511-44C39508F055}.Release|Any CPU.ActiveCfg = Release|Any CPU
		{3E95993F-14AD-41BD-B511-44C39508F055}.Release|Any CPU.Build.0 = Release|Any CPU
	EndGlobalSection
	GlobalSection(SolutionProperties) = preSolution
		HideSolutionNode = FALSE
	EndGlobalSection
	GlobalSection(ExtensibilityGlobals) = postSolution
		SolutionGuid = {B4CF0788-41E5-4F38-AB41-494260B02BC3}
	EndGlobalSection
EndGlobal
