
Microsoft Visual Studio Solution File, Format Version 12.00
# Visual Studio Version 16
VisualStudioVersion = 16.0.30523.141
MinimumVisualStudioVersion = 10.0.40219.1
Project("{FAE04EC0-301F-11D3-BF4B-00C04F79EFBC}") = "homework 6.1", "homework 6.1\homework 6.1.csproj", "{BFF1DC30-9419-4829-A062-D8D21B9AA21A}"
EndProject
Global
	GlobalSection(SolutionConfigurationPlatforms) = preSolution
		Debug|Any CPU = Debug|Any CPU
		Release|Any CPU = Release|Any CPU
	EndGlobalSection
	GlobalSection(ProjectConfigurationPlatforms) = postSolution
		{BFF1DC30-9419-4829-A062-D8D21B9AA21A}.Debug|Any CPU.ActiveCfg = Debug|Any CPU
		{BFF1DC30-9419-4829-A062-D8D21B9AA21A}.Debug|Any CPU.Build.0 = Debug|Any CPU
		{BFF1DC30-9419-4829-A062-D8D21B9AA21A}.Release|Any CPU.ActiveCfg = Release|Any CPU
		{BFF1DC30-9419-4829-A062-D8D21B9AA21A}.Release|Any CPU.Build.0 = Release|Any CPU
	EndGlobalSection
	GlobalSection(SolutionProperties) = preSolution
		HideSolutionNode = FALSE
	EndGlobalSection
	GlobalSection(ExtensibilityGlobals) = postSolution
		SolutionGuid = {84253A5C-3251-410D-A2B7-F4E8CF16CD88}
	EndGlobalSection
EndGlobal
